
Microsoft Visual Studio Solution File, Format Version 12.00
# Visual Studio 15
VisualStudioVersion = 15.0.28307.1738
MinimumVisualStudioVersion = 10.0.40219.1
Project("{FAE04EC0-301F-11D3-BF4B-00C04F79EFBC}") = "OnlineShops", "OnlineShops\OnlineShops.csproj", "{58C536B5-4921-48FE-BCD9-FF23F9FB5DD9}"
EndProject
Project("{FAE04EC0-301F-11D3-BF4B-00C04F79EFBC}") = "OnlineShops.Tests", "OnlineShops.Tests\OnlineShops.Tests.csproj", "{0B0B17D4-B8AC-47D4-86D8-3555DCE4C9E6}"
EndProject
Global
	GlobalSection(SolutionConfigurationPlatforms) = preSolution
		Debug|Any CPU = Debug|Any CPU
		Release|Any CPU = Release|Any CPU
	EndGlobalSection
	GlobalSection(ProjectConfigurationPlatforms) = postSolution
		{58C536B5-4921-48FE-BCD9-FF23F9FB5DD9}.Debug|Any CPU.ActiveCfg = Debug|Any CPU
		{58C536B5-4921-48FE-BCD9-FF23F9FB5DD9}.Debug|Any CPU.Build.0 = Debug|Any CPU
		{58C536B5-4921-48FE-BCD9-FF23F9FB5DD9}.Release|Any CPU.ActiveCfg = Release|Any CPU
		{58C536B5-4921-48FE-BCD9-FF23F9FB5DD9}.Release|Any CPU.Build.0 = Release|Any CPU
		{0B0B17D4-B8AC-47D4-86D8-3555DCE4C9E6}.Debug|Any CPU.ActiveCfg = Debug|Any CPU
		{0B0B17D4-B8AC-47D4-86D8-3555DCE4C9E6}.Debug|Any CPU.Build.0 = Debug|Any CPU
		{0B0B17D4-B8AC-47D4-86D8-3555DCE4C9E6}.Release|Any CPU.ActiveCfg = Release|Any CPU
		{0B0B17D4-B8AC-47D4-86D8-3555DCE4C9E6}.Release|Any CPU.Build.0 = Release|Any CPU
	EndGlobalSection
	GlobalSection(SolutionProperties) = preSolution
		HideSolutionNode = FALSE
	EndGlobalSection
	GlobalSection(ExtensibilityGlobals) = postSolution
		SolutionGuid = {14D095BB-12A7-4F8D-AD99-14797C93A6DD}
	EndGlobalSection
EndGlobal
