
Microsoft Visual Studio Solution File, Format Version 12.00
# Visual Studio 15
VisualStudioVersion = 15.0.28307.1738
MinimumVisualStudioVersion = 10.0.40219.1
Project("{FAE04EC0-301F-11D3-BF4B-00C04F79EFBC}") = "HelloWorld2", "HelloWorld2\HelloWorld2.csproj", "{5F99D6E1-8716-4EDD-81A6-E714C7BFCADC}"
EndProject
Global
	GlobalSection(SolutionConfigurationPlatforms) = preSolution
		Debug|Any CPU = Debug|Any CPU
		Release|Any CPU = Release|Any CPU
	EndGlobalSection
	GlobalSection(ProjectConfigurationPlatforms) = postSolution
		{5F99D6E1-8716-4EDD-81A6-E714C7BFCADC}.Debug|Any CPU.ActiveCfg = Debug|Any CPU
		{5F99D6E1-8716-4EDD-81A6-E714C7BFCADC}.Debug|Any CPU.Build.0 = Debug|Any CPU
		{5F99D6E1-8716-4EDD-81A6-E714C7BFCADC}.Release|Any CPU.ActiveCfg = Release|Any CPU
		{5F99D6E1-8716-4EDD-81A6-E714C7BFCADC}.Release|Any CPU.Build.0 = Release|Any CPU
	EndGlobalSection
	GlobalSection(SolutionProperties) = preSolution
		HideSolutionNode = FALSE
	EndGlobalSection
	GlobalSection(ExtensibilityGlobals) = postSolution
		SolutionGuid = {B242FC62-676F-4E0E-9DD9-797299A5D914}
	EndGlobalSection
EndGlobal
